
Microsoft Visual Studio Solution File, Format Version 12.00
# Visual Studio 14
VisualStudioVersion = 14.0.25420.1
MinimumVisualStudioVersion = 10.0.40219.1
Project("{2150E333-8FDC-42A3-9474-1A3956D46DE8}") = "Chart3", "Chart3", "{FF0E2C97-CE7F-4EF4-A757-8FBAAAF5753F}"
EndProject
Project("{FAE04EC0-301F-11D3-BF4B-00C04F79EFBC}") = "Practice.Chart3.ClassesObjects", "Chart3\Practice.Chart3.ClassesObjects\Practice.Chart3.ClassesObjects.csproj", "{24D92648-9C18-4776-A0F9-D5C6B3C9122C}"
EndProject
Project("{2150E333-8FDC-42A3-9474-1A3956D46DE8}") = "Chart4", "Chart4", "{DB2D8177-FEA0-4DE4-A859-1637CE303479}"
EndProject
Project("{FAE04EC0-301F-11D3-BF4B-00C04F79EFBC}") = "Practice.Chart4.TryCatch", "Chart4\Practice.Chart4.TryCatch\Practice.Chart4.TryCatch.csproj", "{446263B2-657A-45DA-842D-8EB747F550A4}"
EndProject
Project("{2150E333-8FDC-42A3-9474-1A3956D46DE8}") = "Chapter2", "Chapter2", "{D05304AB-8C7C-48EE-8207-ED9FCE8198D2}"
EndProject
Project("{FAE04EC0-301F-11D3-BF4B-00C04F79EFBC}") = "Practice.Chapter2.Cycles", "Chapter2\Practice.Chapter2.Cycles\Practice.Chapter2.Cycles.csproj", "{CA8A229A-BA92-4B70-96EE-FF29B1149ECD}"
EndProject
Project("{FAE04EC0-301F-11D3-BF4B-00C04F79EFBC}") = "Practice.Chapter2.Variables", "Chapter2\Practice.Chapter2.Variables\Practice.Chapter2.Variables.csproj", "{321593DC-DBF3-4993-B823-A6B3C7DE7848}"
EndProject
Project("{FAE04EC0-301F-11D3-BF4B-00C04F79EFBC}") = "Practice.Chapter2.Conversion", "Chapter2\Practice.Chapter2.Conversion\Practice.Chapter2.Conversion.csproj", "{7049B5FB-EE68-48A1-B9BE-388A1ADC3995}"
EndProject
Project("{FAE04EC0-301F-11D3-BF4B-00C04F79EFBC}") = "Practice.Chapter2.ArithmeticOperations", "Chapter2\Practice.Chapter2.ArithmeticOperations\Practice.Chapter2.ArithmeticOperations.csproj", "{E3627B90-C3F4-4AFC-9687-FCA545487449}"
EndProject
Project("{FAE04EC0-301F-11D3-BF4B-00C04F79EFBC}") = "Practice.Chapter.DataTypeConversion", "Chapter2\Practice.Chapter.DataTypeConversion\Practice.Chapter.DataTypeConversion.csproj", "{B4260129-EBDD-4745-952C-3576B67B7B98}"
EndProject
Global
	GlobalSection(SolutionConfigurationPlatforms) = preSolution
		Debug|Any CPU = Debug|Any CPU
		Release|Any CPU = Release|Any CPU
	EndGlobalSection
	GlobalSection(ProjectConfigurationPlatforms) = postSolution
		{24D92648-9C18-4776-A0F9-D5C6B3C9122C}.Debug|Any CPU.ActiveCfg = Debug|Any CPU
		{24D92648-9C18-4776-A0F9-D5C6B3C9122C}.Debug|Any CPU.Build.0 = Debug|Any CPU
		{24D92648-9C18-4776-A0F9-D5C6B3C9122C}.Release|Any CPU.ActiveCfg = Release|Any CPU
		{24D92648-9C18-4776-A0F9-D5C6B3C9122C}.Release|Any CPU.Build.0 = Release|Any CPU
		{446263B2-657A-45DA-842D-8EB747F550A4}.Debug|Any CPU.ActiveCfg = Debug|Any CPU
		{446263B2-657A-45DA-842D-8EB747F550A4}.Debug|Any CPU.Build.0 = Debug|Any CPU
		{446263B2-657A-45DA-842D-8EB747F550A4}.Release|Any CPU.ActiveCfg = Release|Any CPU
		{446263B2-657A-45DA-842D-8EB747F550A4}.Release|Any CPU.Build.0 = Release|Any CPU
		{CA8A229A-BA92-4B70-96EE-FF29B1149ECD}.Debug|Any CPU.ActiveCfg = Debug|Any CPU
		{CA8A229A-BA92-4B70-96EE-FF29B1149ECD}.Debug|Any CPU.Build.0 = Debug|Any CPU
		{CA8A229A-BA92-4B70-96EE-FF29B1149ECD}.Release|Any CPU.ActiveCfg = Release|Any CPU
		{CA8A229A-BA92-4B70-96EE-FF29B1149ECD}.Release|Any CPU.Build.0 = Release|Any CPU
		{321593DC-DBF3-4993-B823-A6B3C7DE7848}.Debug|Any CPU.ActiveCfg = Debug|Any CPU
		{321593DC-DBF3-4993-B823-A6B3C7DE7848}.Debug|Any CPU.Build.0 = Debug|Any CPU
		{321593DC-DBF3-4993-B823-A6B3C7DE7848}.Release|Any CPU.ActiveCfg = Release|Any CPU
		{321593DC-DBF3-4993-B823-A6B3C7DE7848}.Release|Any CPU.Build.0 = Release|Any CPU
		{7049B5FB-EE68-48A1-B9BE-388A1ADC3995}.Debug|Any CPU.ActiveCfg = Debug|Any CPU
		{7049B5FB-EE68-48A1-B9BE-388A1ADC3995}.Debug|Any CPU.Build.0 = Debug|Any CPU
		{7049B5FB-EE68-48A1-B9BE-388A1ADC3995}.Release|Any CPU.ActiveCfg = Release|Any CPU
		{7049B5FB-EE68-48A1-B9BE-388A1ADC3995}.Release|Any CPU.Build.0 = Release|Any CPU
		{E3627B90-C3F4-4AFC-9687-FCA545487449}.Debug|Any CPU.ActiveCfg = Debug|Any CPU
		{E3627B90-C3F4-4AFC-9687-FCA545487449}.Debug|Any CPU.Build.0 = Debug|Any CPU
		{E3627B90-C3F4-4AFC-9687-FCA545487449}.Release|Any CPU.ActiveCfg = Release|Any CPU
		{E3627B90-C3F4-4AFC-9687-FCA545487449}.Release|Any CPU.Build.0 = Release|Any CPU
		{B4260129-EBDD-4745-952C-3576B67B7B98}.Debug|Any CPU.ActiveCfg = Debug|Any CPU
		{B4260129-EBDD-4745-952C-3576B67B7B98}.Debug|Any CPU.Build.0 = Debug|Any CPU
		{B4260129-EBDD-4745-952C-3576B67B7B98}.Release|Any CPU.ActiveCfg = Release|Any CPU
		{B4260129-EBDD-4745-952C-3576B67B7B98}.Release|Any CPU.Build.0 = Release|Any CPU
	EndGlobalSection
	GlobalSection(SolutionProperties) = preSolution
		HideSolutionNode = FALSE
	EndGlobalSection
	GlobalSection(NestedProjects) = preSolution
		{24D92648-9C18-4776-A0F9-D5C6B3C9122C} = {FF0E2C97-CE7F-4EF4-A757-8FBAAAF5753F}
		{446263B2-657A-45DA-842D-8EB747F550A4} = {DB2D8177-FEA0-4DE4-A859-1637CE303479}
		{CA8A229A-BA92-4B70-96EE-FF29B1149ECD} = {D05304AB-8C7C-48EE-8207-ED9FCE8198D2}
		{321593DC-DBF3-4993-B823-A6B3C7DE7848} = {D05304AB-8C7C-48EE-8207-ED9FCE8198D2}
		{7049B5FB-EE68-48A1-B9BE-388A1ADC3995} = {D05304AB-8C7C-48EE-8207-ED9FCE8198D2}
		{E3627B90-C3F4-4AFC-9687-FCA545487449} = {D05304AB-8C7C-48EE-8207-ED9FCE8198D2}
		{B4260129-EBDD-4745-952C-3576B67B7B98} = {D05304AB-8C7C-48EE-8207-ED9FCE8198D2}
	EndGlobalSection
EndGlobal
