
Microsoft Visual Studio Solution File, Format Version 12.00
# Visual Studio 14
VisualStudioVersion = 14.0.25420.1
MinimumVisualStudioVersion = 10.0.40219.1
Project("{2150E333-8FDC-42A3-9474-1A3956D46DE8}") = "Chart3", "Chart3", "{FF0E2C97-CE7F-4EF4-A757-8FBAAAF5753F}"
EndProject
Project("{FAE04EC0-301F-11D3-BF4B-00C04F79EFBC}") = "Practice.Chart3.ClassesObjects", "Chart3\Practice.Chart3.ClassesObjects\Practice.Chart3.ClassesObjects.csproj", "{24D92648-9C18-4776-A0F9-D5C6B3C9122C}"
EndProject
Project("{2150E333-8FDC-42A3-9474-1A3956D46DE8}") = "Chart4", "Chart4", "{DB2D8177-FEA0-4DE4-A859-1637CE303479}"
EndProject
Project("{FAE04EC0-301F-11D3-BF4B-00C04F79EFBC}") = "Practice.Chart4.TryCatch", "Chart4\Practice.Chart4.TryCatch\Practice.Chart4.TryCatch.csproj", "{446263B2-657A-45DA-842D-8EB747F550A4}"
EndProject
Project("{2150E333-8FDC-42A3-9474-1A3956D46DE8}") = "Chapter2", "Chapter2", "{D05304AB-8C7C-48EE-8207-ED9FCE8198D2}"
EndProject
Project("{FAE04EC0-301F-11D3-BF4B-00C04F79EFBC}") = "Practice.Chapter2.Cycles", "Chapter2\Practice.Chapter2.Cycles\Practice.Chapter2.Cycles.csproj", "{CA8A229A-BA92-4B70-96EE-FF29B1149ECD}"
EndProject
Project("{FAE04EC0-301F-11D3-BF4B-00C04F79EFBC}") = "Practice.Chapter2.Variables", "Chapter2\Practice.Chapter2.Variables\Practice.Chapter2.Variables.csproj", "{321593DC-DBF3-4993-B823-A6B3C7DE7848}"
EndProject
Project("{FAE04EC0-301F-11D3-BF4B-00C04F79EFBC}") = "Practice.Chapter2.Conversion", "Chapter2\Practice.Chapter2.Conversion\Practice.Chapter2.Conversion.csproj", "{7049B5FB-EE68-48A1-B9BE-388A1ADC3995}"
EndProject
Project("{FAE04EC0-301F-11D3-BF4B-00C04F79EFBC}") = "Practice.Chapter2.ArithmeticOperations", "Chapter2\Practice.Chapter2.ArithmeticOperations\Practice.Chapter2.ArithmeticOperations.csproj", "{E3627B90-C3F4-4AFC-9687-FCA545487449}"
EndProject
Project("{FAE04EC0-301F-11D3-BF4B-00C04F79EFBC}") = "Practice.Chapter.DataTypeConversion", "Chapter2\Practice.Chapter.DataTypeConversion\Practice.Chapter.DataTypeConversion.csproj", "{B4260129-EBDD-4745-952C-3576B67B7B98}"
EndProject
Project("{FAE04EC0-301F-11D3-BF4B-00C04F79EFBC}") = "Practice.Chapter2.CondicionalConstructions", "Chapter2\Practice.Chapter2.CondicionalConstructions\Practice.Chapter2.CondicionalConstructions.csproj", "{7E49E338-D554-4544-9753-A309158E2310}"
EndProject
Project("{FAE04EC0-301F-11D3-BF4B-00C04F79EFBC}") = "Practice.Chapter2.Array", "Chapter2\Practice.Chapter2.Array\Practice.Chapter2.Array.csproj", "{1F36D6E6-DC44-4807-BF0F-E4E4D80BE720}"
EndProject
Project("{FAE04EC0-301F-11D3-BF4B-00C04F79EFBC}") = "Practice.Chapter2.ArraySorting", "Chapter2\Practice.Chapter2.ArraySorting\Practice.Chapter2.ArraySorting.csproj", "{511B8CB3-04AB-4CBD-B11F-59B32B774713}"
EndProject
Project("{FAE04EC0-301F-11D3-BF4B-00C04F79EFBC}") = "Practice.Chapter2.Methods", "Chapter2\Practice.Chapter2.Methods\Practice.Chapter2.Methods.csproj", "{2A3ABEE4-E3C9-4E08-B617-08C1DDE1BB46}"
EndProject
Project("{FAE04EC0-301F-11D3-BF4B-00C04F79EFBC}") = "Practice.Chapter2.Options", "Chapter2\Practice.Chapter2.Options\Practice.Chapter2.Options.csproj", "{FE245F08-558F-4684-97D8-2E19070A7338}"
EndProject
Project("{FAE04EC0-301F-11D3-BF4B-00C04F79EFBC}") = "Practice.Chapter2.Enumeration", "Chapter2\Practice.Chapter2.Enumeration\Practice.Chapter2.Enumeration.csproj", "{1C524D3F-D459-4017-9C66-21FD18C22022}"
EndProject
Project("{FAE04EC0-301F-11D3-BF4B-00C04F79EFBC}") = "Practice.Chapter2.Cortege", "Chapter2\Practice.Chapter2.Cortege\Practice.Chapter2.Cortege.csproj", "{2A4F9B18-669E-4F80-9BEB-CDDD5EE3504B}"
EndProject
Project("{2150E333-8FDC-42A3-9474-1A3956D46DE8}") = "Chapter3", "Chapter3", "{729257DE-6F4F-45E8-B1A0-8143933CFEEE}"
EndProject
Project("{FAE04EC0-301F-11D3-BF4B-00C04F79EFBC}") = "Practice.Chapter3.ClassesAndObjects", "Chapter3\Practice.Chapter3.ClassesAndObjects\Practice.Chapter3.ClassesAndObjects.csproj", "{65DF4DFC-A5C9-44EB-B6F0-5727D2DA59CD}"
EndProject
Project("{FAE04EC0-301F-11D3-BF4B-00C04F79EFBC}") = "Practice.Chapter3.Structure", "Chapter3\Practice.Chapter3.Structure\Practice.Chapter3.Structure.csproj", "{534377D5-7F03-4A1F-94D0-41D913C12160}"
EndProject
Project("{FAE04EC0-301F-11D3-BF4B-00C04F79EFBC}") = "Practice.Chapter3.ValueAndReferenceTypes", "Chapter3\Practice.Chapter3.ValueAndReferenceTypes\Practice.Chapter3.ValueAndReferenceTypes.csproj", "{08E8DBA9-ACE3-406A-A575-5F555916980A}"
EndProject
Project("{FAE04EC0-301F-11D3-BF4B-00C04F79EFBC}") = "Practice.Chapter3.NameSpaces", "Chapter3\Practice.Chapter3.NameSpaces\Practice.Chapter3.NameSpaces.csproj", "{EE2C1AF4-447C-4A0B-863B-886E847ED636}"
EndProject
Project("{FAE04EC0-301F-11D3-BF4B-00C04F79EFBC}") = "MyLib", "MyLib\MyLib.csproj", "{89E76E1F-9C55-4A16-AC3C-CF127E3D3230}"
EndProject
Project("{FAE04EC0-301F-11D3-BF4B-00C04F79EFBC}") = "Practice.Chapter3.Modifier", "Chapter3\Practice.Chapter3.Modifier\Practice.Chapter3.Modifier.csproj", "{3CA926FF-9C63-4A29-BCA2-6E841F3A38CF}"
EndProject
Project("{FAE04EC0-301F-11D3-BF4B-00C04F79EFBC}") = "ModifierLib", "Chapter3\ModifierLib\ModifierLib.csproj", "{78A02429-16F5-4BD5-86B5-8AF1ABC74687}"
EndProject
Project("{FAE04EC0-301F-11D3-BF4B-00C04F79EFBC}") = "Practice.Chapter3.Attribute", "Chapter3\Practice.Chapter3.Attribute\Practice.Chapter3.Attribute.csproj", "{A6DD33DB-14CA-49E0-BEA3-B1E079AA064F}"
EndProject
Project("{FAE04EC0-301F-11D3-BF4B-00C04F79EFBC}") = "Practice.Chapter3.MethodOverloading", "Chapter3\Practice.Chapter3.MethodOverloading\Practice.Chapter3.MethodOverloading.csproj", "{29181891-F218-4EF7-8BF5-152EF8487C10}"
EndProject
Global
	GlobalSection(SolutionConfigurationPlatforms) = preSolution
		Debug|Any CPU = Debug|Any CPU
		Release|Any CPU = Release|Any CPU
	EndGlobalSection
	GlobalSection(ProjectConfigurationPlatforms) = postSolution
		{24D92648-9C18-4776-A0F9-D5C6B3C9122C}.Debug|Any CPU.ActiveCfg = Debug|Any CPU
		{24D92648-9C18-4776-A0F9-D5C6B3C9122C}.Debug|Any CPU.Build.0 = Debug|Any CPU
		{24D92648-9C18-4776-A0F9-D5C6B3C9122C}.Release|Any CPU.ActiveCfg = Release|Any CPU
		{24D92648-9C18-4776-A0F9-D5C6B3C9122C}.Release|Any CPU.Build.0 = Release|Any CPU
		{446263B2-657A-45DA-842D-8EB747F550A4}.Debug|Any CPU.ActiveCfg = Debug|Any CPU
		{446263B2-657A-45DA-842D-8EB747F550A4}.Debug|Any CPU.Build.0 = Debug|Any CPU
		{446263B2-657A-45DA-842D-8EB747F550A4}.Release|Any CPU.ActiveCfg = Release|Any CPU
		{446263B2-657A-45DA-842D-8EB747F550A4}.Release|Any CPU.Build.0 = Release|Any CPU
		{CA8A229A-BA92-4B70-96EE-FF29B1149ECD}.Debug|Any CPU.ActiveCfg = Debug|Any CPU
		{CA8A229A-BA92-4B70-96EE-FF29B1149ECD}.Debug|Any CPU.Build.0 = Debug|Any CPU
		{CA8A229A-BA92-4B70-96EE-FF29B1149ECD}.Release|Any CPU.ActiveCfg = Release|Any CPU
		{CA8A229A-BA92-4B70-96EE-FF29B1149ECD}.Release|Any CPU.Build.0 = Release|Any CPU
		{321593DC-DBF3-4993-B823-A6B3C7DE7848}.Debug|Any CPU.ActiveCfg = Debug|Any CPU
		{321593DC-DBF3-4993-B823-A6B3C7DE7848}.Debug|Any CPU.Build.0 = Debug|Any CPU
		{321593DC-DBF3-4993-B823-A6B3C7DE7848}.Release|Any CPU.ActiveCfg = Release|Any CPU
		{321593DC-DBF3-4993-B823-A6B3C7DE7848}.Release|Any CPU.Build.0 = Release|Any CPU
		{7049B5FB-EE68-48A1-B9BE-388A1ADC3995}.Debug|Any CPU.ActiveCfg = Debug|Any CPU
		{7049B5FB-EE68-48A1-B9BE-388A1ADC3995}.Debug|Any CPU.Build.0 = Debug|Any CPU
		{7049B5FB-EE68-48A1-B9BE-388A1ADC3995}.Release|Any CPU.ActiveCfg = Release|Any CPU
		{7049B5FB-EE68-48A1-B9BE-388A1ADC3995}.Release|Any CPU.Build.0 = Release|Any CPU
		{E3627B90-C3F4-4AFC-9687-FCA545487449}.Debug|Any CPU.ActiveCfg = Debug|Any CPU
		{E3627B90-C3F4-4AFC-9687-FCA545487449}.Debug|Any CPU.Build.0 = Debug|Any CPU
		{E3627B90-C3F4-4AFC-9687-FCA545487449}.Release|Any CPU.ActiveCfg = Release|Any CPU
		{E3627B90-C3F4-4AFC-9687-FCA545487449}.Release|Any CPU.Build.0 = Release|Any CPU
		{B4260129-EBDD-4745-952C-3576B67B7B98}.Debug|Any CPU.ActiveCfg = Debug|Any CPU
		{B4260129-EBDD-4745-952C-3576B67B7B98}.Debug|Any CPU.Build.0 = Debug|Any CPU
		{B4260129-EBDD-4745-952C-3576B67B7B98}.Release|Any CPU.ActiveCfg = Release|Any CPU
		{B4260129-EBDD-4745-952C-3576B67B7B98}.Release|Any CPU.Build.0 = Release|Any CPU
		{7E49E338-D554-4544-9753-A309158E2310}.Debug|Any CPU.ActiveCfg = Debug|Any CPU
		{7E49E338-D554-4544-9753-A309158E2310}.Debug|Any CPU.Build.0 = Debug|Any CPU
		{7E49E338-D554-4544-9753-A309158E2310}.Release|Any CPU.ActiveCfg = Release|Any CPU
		{7E49E338-D554-4544-9753-A309158E2310}.Release|Any CPU.Build.0 = Release|Any CPU
		{1F36D6E6-DC44-4807-BF0F-E4E4D80BE720}.Debug|Any CPU.ActiveCfg = Debug|Any CPU
		{1F36D6E6-DC44-4807-BF0F-E4E4D80BE720}.Debug|Any CPU.Build.0 = Debug|Any CPU
		{1F36D6E6-DC44-4807-BF0F-E4E4D80BE720}.Release|Any CPU.ActiveCfg = Release|Any CPU
		{1F36D6E6-DC44-4807-BF0F-E4E4D80BE720}.Release|Any CPU.Build.0 = Release|Any CPU
		{511B8CB3-04AB-4CBD-B11F-59B32B774713}.Debug|Any CPU.ActiveCfg = Debug|Any CPU
		{511B8CB3-04AB-4CBD-B11F-59B32B774713}.Debug|Any CPU.Build.0 = Debug|Any CPU
		{511B8CB3-04AB-4CBD-B11F-59B32B774713}.Release|Any CPU.ActiveCfg = Release|Any CPU
		{511B8CB3-04AB-4CBD-B11F-59B32B774713}.Release|Any CPU.Build.0 = Release|Any CPU
		{2A3ABEE4-E3C9-4E08-B617-08C1DDE1BB46}.Debug|Any CPU.ActiveCfg = Debug|Any CPU
		{2A3ABEE4-E3C9-4E08-B617-08C1DDE1BB46}.Debug|Any CPU.Build.0 = Debug|Any CPU
		{2A3ABEE4-E3C9-4E08-B617-08C1DDE1BB46}.Release|Any CPU.ActiveCfg = Release|Any CPU
		{2A3ABEE4-E3C9-4E08-B617-08C1DDE1BB46}.Release|Any CPU.Build.0 = Release|Any CPU
		{FE245F08-558F-4684-97D8-2E19070A7338}.Debug|Any CPU.ActiveCfg = Debug|Any CPU
		{FE245F08-558F-4684-97D8-2E19070A7338}.Debug|Any CPU.Build.0 = Debug|Any CPU
		{FE245F08-558F-4684-97D8-2E19070A7338}.Release|Any CPU.ActiveCfg = Release|Any CPU
		{FE245F08-558F-4684-97D8-2E19070A7338}.Release|Any CPU.Build.0 = Release|Any CPU
		{1C524D3F-D459-4017-9C66-21FD18C22022}.Debug|Any CPU.ActiveCfg = Debug|Any CPU
		{1C524D3F-D459-4017-9C66-21FD18C22022}.Debug|Any CPU.Build.0 = Debug|Any CPU
		{1C524D3F-D459-4017-9C66-21FD18C22022}.Release|Any CPU.ActiveCfg = Release|Any CPU
		{1C524D3F-D459-4017-9C66-21FD18C22022}.Release|Any CPU.Build.0 = Release|Any CPU
		{2A4F9B18-669E-4F80-9BEB-CDDD5EE3504B}.Debug|Any CPU.ActiveCfg = Debug|Any CPU
		{2A4F9B18-669E-4F80-9BEB-CDDD5EE3504B}.Debug|Any CPU.Build.0 = Debug|Any CPU
		{2A4F9B18-669E-4F80-9BEB-CDDD5EE3504B}.Release|Any CPU.ActiveCfg = Release|Any CPU
		{2A4F9B18-669E-4F80-9BEB-CDDD5EE3504B}.Release|Any CPU.Build.0 = Release|Any CPU
		{65DF4DFC-A5C9-44EB-B6F0-5727D2DA59CD}.Debug|Any CPU.ActiveCfg = Debug|Any CPU
		{65DF4DFC-A5C9-44EB-B6F0-5727D2DA59CD}.Debug|Any CPU.Build.0 = Debug|Any CPU
		{65DF4DFC-A5C9-44EB-B6F0-5727D2DA59CD}.Release|Any CPU.ActiveCfg = Release|Any CPU
		{65DF4DFC-A5C9-44EB-B6F0-5727D2DA59CD}.Release|Any CPU.Build.0 = Release|Any CPU
		{534377D5-7F03-4A1F-94D0-41D913C12160}.Debug|Any CPU.ActiveCfg = Debug|Any CPU
		{534377D5-7F03-4A1F-94D0-41D913C12160}.Debug|Any CPU.Build.0 = Debug|Any CPU
		{534377D5-7F03-4A1F-94D0-41D913C12160}.Release|Any CPU.ActiveCfg = Release|Any CPU
		{534377D5-7F03-4A1F-94D0-41D913C12160}.Release|Any CPU.Build.0 = Release|Any CPU
		{08E8DBA9-ACE3-406A-A575-5F555916980A}.Debug|Any CPU.ActiveCfg = Debug|Any CPU
		{08E8DBA9-ACE3-406A-A575-5F555916980A}.Debug|Any CPU.Build.0 = Debug|Any CPU
		{08E8DBA9-ACE3-406A-A575-5F555916980A}.Release|Any CPU.ActiveCfg = Release|Any CPU
		{08E8DBA9-ACE3-406A-A575-5F555916980A}.Release|Any CPU.Build.0 = Release|Any CPU
		{EE2C1AF4-447C-4A0B-863B-886E847ED636}.Debug|Any CPU.ActiveCfg = Debug|Any CPU
		{EE2C1AF4-447C-4A0B-863B-886E847ED636}.Debug|Any CPU.Build.0 = Debug|Any CPU
		{EE2C1AF4-447C-4A0B-863B-886E847ED636}.Release|Any CPU.ActiveCfg = Release|Any CPU
		{EE2C1AF4-447C-4A0B-863B-886E847ED636}.Release|Any CPU.Build.0 = Release|Any CPU
		{89E76E1F-9C55-4A16-AC3C-CF127E3D3230}.Debug|Any CPU.ActiveCfg = Debug|Any CPU
		{89E76E1F-9C55-4A16-AC3C-CF127E3D3230}.Debug|Any CPU.Build.0 = Debug|Any CPU
		{89E76E1F-9C55-4A16-AC3C-CF127E3D3230}.Release|Any CPU.ActiveCfg = Release|Any CPU
		{89E76E1F-9C55-4A16-AC3C-CF127E3D3230}.Release|Any CPU.Build.0 = Release|Any CPU
		{3CA926FF-9C63-4A29-BCA2-6E841F3A38CF}.Debug|Any CPU.ActiveCfg = Debug|Any CPU
		{3CA926FF-9C63-4A29-BCA2-6E841F3A38CF}.Debug|Any CPU.Build.0 = Debug|Any CPU
		{3CA926FF-9C63-4A29-BCA2-6E841F3A38CF}.Release|Any CPU.ActiveCfg = Release|Any CPU
		{3CA926FF-9C63-4A29-BCA2-6E841F3A38CF}.Release|Any CPU.Build.0 = Release|Any CPU
		{78A02429-16F5-4BD5-86B5-8AF1ABC74687}.Debug|Any CPU.ActiveCfg = Debug|Any CPU
		{78A02429-16F5-4BD5-86B5-8AF1ABC74687}.Debug|Any CPU.Build.0 = Debug|Any CPU
		{78A02429-16F5-4BD5-86B5-8AF1ABC74687}.Release|Any CPU.ActiveCfg = Release|Any CPU
		{78A02429-16F5-4BD5-86B5-8AF1ABC74687}.Release|Any CPU.Build.0 = Release|Any CPU
		{A6DD33DB-14CA-49E0-BEA3-B1E079AA064F}.Debug|Any CPU.ActiveCfg = Debug|Any CPU
		{A6DD33DB-14CA-49E0-BEA3-B1E079AA064F}.Debug|Any CPU.Build.0 = Debug|Any CPU
		{A6DD33DB-14CA-49E0-BEA3-B1E079AA064F}.Release|Any CPU.ActiveCfg = Release|Any CPU
		{A6DD33DB-14CA-49E0-BEA3-B1E079AA064F}.Release|Any CPU.Build.0 = Release|Any CPU
		{29181891-F218-4EF7-8BF5-152EF8487C10}.Debug|Any CPU.ActiveCfg = Debug|Any CPU
		{29181891-F218-4EF7-8BF5-152EF8487C10}.Debug|Any CPU.Build.0 = Debug|Any CPU
		{29181891-F218-4EF7-8BF5-152EF8487C10}.Release|Any CPU.ActiveCfg = Release|Any CPU
		{29181891-F218-4EF7-8BF5-152EF8487C10}.Release|Any CPU.Build.0 = Release|Any CPU
	EndGlobalSection
	GlobalSection(SolutionProperties) = preSolution
		HideSolutionNode = FALSE
	EndGlobalSection
	GlobalSection(NestedProjects) = preSolution
		{24D92648-9C18-4776-A0F9-D5C6B3C9122C} = {FF0E2C97-CE7F-4EF4-A757-8FBAAAF5753F}
		{446263B2-657A-45DA-842D-8EB747F550A4} = {DB2D8177-FEA0-4DE4-A859-1637CE303479}
		{CA8A229A-BA92-4B70-96EE-FF29B1149ECD} = {D05304AB-8C7C-48EE-8207-ED9FCE8198D2}
		{321593DC-DBF3-4993-B823-A6B3C7DE7848} = {D05304AB-8C7C-48EE-8207-ED9FCE8198D2}
		{7049B5FB-EE68-48A1-B9BE-388A1ADC3995} = {D05304AB-8C7C-48EE-8207-ED9FCE8198D2}
		{E3627B90-C3F4-4AFC-9687-FCA545487449} = {D05304AB-8C7C-48EE-8207-ED9FCE8198D2}
		{B4260129-EBDD-4745-952C-3576B67B7B98} = {D05304AB-8C7C-48EE-8207-ED9FCE8198D2}
		{7E49E338-D554-4544-9753-A309158E2310} = {D05304AB-8C7C-48EE-8207-ED9FCE8198D2}
		{1F36D6E6-DC44-4807-BF0F-E4E4D80BE720} = {D05304AB-8C7C-48EE-8207-ED9FCE8198D2}
		{511B8CB3-04AB-4CBD-B11F-59B32B774713} = {D05304AB-8C7C-48EE-8207-ED9FCE8198D2}
		{2A3ABEE4-E3C9-4E08-B617-08C1DDE1BB46} = {D05304AB-8C7C-48EE-8207-ED9FCE8198D2}
		{FE245F08-558F-4684-97D8-2E19070A7338} = {D05304AB-8C7C-48EE-8207-ED9FCE8198D2}
		{1C524D3F-D459-4017-9C66-21FD18C22022} = {D05304AB-8C7C-48EE-8207-ED9FCE8198D2}
		{2A4F9B18-669E-4F80-9BEB-CDDD5EE3504B} = {D05304AB-8C7C-48EE-8207-ED9FCE8198D2}
		{65DF4DFC-A5C9-44EB-B6F0-5727D2DA59CD} = {729257DE-6F4F-45E8-B1A0-8143933CFEEE}
		{534377D5-7F03-4A1F-94D0-41D913C12160} = {729257DE-6F4F-45E8-B1A0-8143933CFEEE}
		{08E8DBA9-ACE3-406A-A575-5F555916980A} = {729257DE-6F4F-45E8-B1A0-8143933CFEEE}
		{EE2C1AF4-447C-4A0B-863B-886E847ED636} = {729257DE-6F4F-45E8-B1A0-8143933CFEEE}
		{89E76E1F-9C55-4A16-AC3C-CF127E3D3230} = {729257DE-6F4F-45E8-B1A0-8143933CFEEE}
		{3CA926FF-9C63-4A29-BCA2-6E841F3A38CF} = {729257DE-6F4F-45E8-B1A0-8143933CFEEE}
		{78A02429-16F5-4BD5-86B5-8AF1ABC74687} = {729257DE-6F4F-45E8-B1A0-8143933CFEEE}
		{A6DD33DB-14CA-49E0-BEA3-B1E079AA064F} = {729257DE-6F4F-45E8-B1A0-8143933CFEEE}
		{29181891-F218-4EF7-8BF5-152EF8487C10} = {729257DE-6F4F-45E8-B1A0-8143933CFEEE}
	EndGlobalSection
EndGlobal
